
Microsoft Visual Studio Solution File, Format Version 12.00
# Visual Studio Version 17
VisualStudioVersion = 17.7.34202.233
MinimumVisualStudioVersion = 10.0.40219.1
Project("{FAE04EC0-301F-11D3-BF4B-00C04F79EFBC}") = "ConsoleApp2", "ConsoleApp2\ConsoleApp2.csproj", "{03DB20BB-DB7F-42FC-B3F7-B0111C173427}"
EndProject
Global
	GlobalSection(SolutionConfigurationPlatforms) = preSolution
		Debug|Any CPU = Debug|Any CPU
		Release|Any CPU = Release|Any CPU
	EndGlobalSection
	GlobalSection(ProjectConfigurationPlatforms) = postSolution
		{03DB20BB-DB7F-42FC-B3F7-B0111C173427}.Debug|Any CPU.ActiveCfg = Debug|Any CPU
		{03DB20BB-DB7F-42FC-B3F7-B0111C173427}.Debug|Any CPU.Build.0 = Debug|Any CPU
		{03DB20BB-DB7F-42FC-B3F7-B0111C173427}.Release|Any CPU.ActiveCfg = Release|Any CPU
		{03DB20BB-DB7F-42FC-B3F7-B0111C173427}.Release|Any CPU.Build.0 = Release|Any CPU
	EndGlobalSection
	GlobalSection(SolutionProperties) = preSolution
		HideSolutionNode = FALSE
	EndGlobalSection
	GlobalSection(ExtensibilityGlobals) = postSolution
		SolutionGuid = {80A73A6A-1815-4209-98A9-C7EC81DC6550}
	EndGlobalSection
EndGlobal
